<?xml version="1.0" encoding="utf-8"?>
<Project ToolsVersion="4.0" xmlns="http://schemas.microsoft.com/developer/msbuild/2003">
  <ItemGroup>
    <Filter Include="Source Files">
      <UniqueIdentifier>{4FC737F1-C7A5-4376-A066-2A32D752A2FF}</UniqueIdentifier>
      <Extensions>cpp;c;cc;cxx;def;odl;idl;hpj;bat;asm;asmx</Extensions>
    </Filter>
    <Filter Include="Header Files">
      <UniqueIdentifier>{93995380-89BD-4b04-88EB-625FBE52EBFB}</UniqueIdentifier>
      <Extensions>h;hh;hpp;hxx;hm;inl;inc;xsd</Extensions>
    </Filter>
    <Filter Include="Header Files\Lua">
      <UniqueIdentifier>{d54b4aab-84ed-4c72-9ccc-d87afe1305ee}</UniqueIdentifier>
    </Filter>
    <Filter Include="Lua Libraries">
      <UniqueIdentifier>{829c36b8-39af-4ee9-8adc-3e10b25c04c3}</UniqueIdentifier>
    </Filter>
    <Filter Include="Lua Libraries\Net">
      <UniqueIdentifier>{f1d5402d-c87e-45e1-a541-188cf7dfe1c9}</UniqueIdentifier>
    </Filter>
    <Filter Include="Lua Libraries\File">
      <UniqueIdentifier>{5c50603f-a57a-4d14-9048-99c7648f923f}</UniqueIdentifier>
    </Filter>
    <Filter Include="Lua Libraries\Serial">
      <UniqueIdentifier>{e426682c-07ed-4742-9efe-f2b31f67888e}</UniqueIdentifier>
    </Filter>
    <Filter Include="Lua Libraries\Std">
      <UniqueIdentifier>{669eb718-610b-483d-8207-0d7652520ef4}</UniqueIdentifier>
    </Filter>
  </ItemGroup>
  <ItemGroup>
    <ClCompile Include="Main.cpp">
      <Filter>Source Files</Filter>
    </ClCompile>
    <ClCompile Include="CLuaEnvironment.cpp">
      <Filter>Source Files</Filter>
    </ClCompile>
    <ClCompile Include="PlatformCompatibility.cpp">
      <Filter>Source Files</Filter>
    </ClCompile>
    <ClCompile Include="CLuaLib.cpp">
      <Filter>Source Files</Filter>
    </ClCompile>
    <ClCompile Include="LibraryLinks.cpp">
      <Filter>Source Files</Filter>
    </ClCompile>
    <ClCompile Include="FileSpy_Win.cpp">
      <Filter>Source Files</Filter>
    </ClCompile>
    <ClCompile Include="FileSpy_Linux.cpp">
      <Filter>Source Files</Filter>
    </ClCompile>
    <ClCompile Include="CLuaSerial.cpp">
      <Filter>Lua Libraries\Serial</Filter>
    </ClCompile>
    <ClCompile Include="CLuaSerial_Linux.cpp">
      <Filter>Lua Libraries\Serial</Filter>
    </ClCompile>
    <ClCompile Include="CLuaSerial_Win.cpp">
      <Filter>Lua Libraries\Serial</Filter>
    </ClCompile>
    <ClCompile Include="CLuaStdLib.cpp">
      <Filter>Lua Libraries\Std</Filter>
    </ClCompile>
    <ClCompile Include="CLuaFile.cpp">
      <Filter>Lua Libraries\File</Filter>
    </ClCompile>
  </ItemGroup>
  <ItemGroup>
    <ClInclude Include="Lua\lualib.h">
      <Filter>Header Files\Lua</Filter>
    </ClInclude>
    <ClInclude Include="Lua\luajit.h">
      <Filter>Header Files\Lua</Filter>
    </ClInclude>
    <ClInclude Include="Lua\luaconf.h">
      <Filter>Header Files\Lua</Filter>
    </ClInclude>
    <ClInclude Include="Lua\lua.hpp">
      <Filter>Header Files\Lua</Filter>
    </ClInclude>
    <ClInclude Include="Lua\lua.h">
      <Filter>Header Files\Lua</Filter>
    </ClInclude>
    <ClInclude Include="Lua\lauxlib.h">
      <Filter>Header Files\Lua</Filter>
    </ClInclude>
    <ClInclude Include="CLuaEnvironment.h">
      <Filter>Header Files</Filter>
    </ClInclude>
    <ClInclude Include="PlatformCompatibility.h">
      <Filter>Header Files</Filter>
    </ClInclude>
    <ClInclude Include="CLuaLib.h">
      <Filter>Header Files</Filter>
    </ClInclude>
    <ClInclude Include="CLuaFile.h">
      <Filter>Lua Libraries\File</Filter>
    </ClInclude>
    <ClInclude Include="CLuaSerial.h">
      <Filter>Lua Libraries\Serial</Filter>
    </ClInclude>
    <ClInclude Include="CLuaStdLib.h">
      <Filter>Lua Libraries\Std</Filter>
    </ClInclude>
  </ItemGroup>
  <ItemGroup>
    <None Include="..\Lua_Test_Directory\init.lua" />
    <None Include="ClassDiagram.cd" />
  </ItemGroup>
</Project>